
Microsoft Visual Studio Solution File, Format Version 12.00
# Visual Studio Version 17
VisualStudioVersion = 17.7.34024.191
MinimumVisualStudioVersion = 10.0.40219.1
Project("{FAE04EC0-301F-11D3-BF4B-00C04F79EFBC}") = "gitXamarinApp.Android", "gitXamarinApp\gitXamarinApp.Android\gitXamarinApp.Android.csproj", "{7580B878-48EB-4874-BC40-F7B2B91AE356}"
EndProject
Project("{FAE04EC0-301F-11D3-BF4B-00C04F79EFBC}") = "gitXamarinApp", "gitXamarinApp\gitXamarinApp\gitXamarinApp.csproj", "{FB704511-FD86-4B12-B201-3E46A0D07B94}"
EndProject
Global
	GlobalSection(SolutionConfigurationPlatforms) = preSolution
		Debug|Any CPU = Debug|Any CPU
		Release|Any CPU = Release|Any CPU
	EndGlobalSection
	GlobalSection(ProjectConfigurationPlatforms) = postSolution
		{7580B878-48EB-4874-BC40-F7B2B91AE356}.Debug|Any CPU.ActiveCfg = Debug|Any CPU
		{7580B878-48EB-4874-BC40-F7B2B91AE356}.Debug|Any CPU.Build.0 = Debug|Any CPU
		{7580B878-48EB-4874-BC40-F7B2B91AE356}.Debug|Any CPU.Deploy.0 = Debug|Any CPU
		{7580B878-48EB-4874-BC40-F7B2B91AE356}.Release|Any CPU.ActiveCfg = Release|Any CPU
		{7580B878-48EB-4874-BC40-F7B2B91AE356}.Release|Any CPU.Build.0 = Release|Any CPU
		{7580B878-48EB-4874-BC40-F7B2B91AE356}.Release|Any CPU.Deploy.0 = Release|Any CPU
		{FB704511-FD86-4B12-B201-3E46A0D07B94}.Debug|Any CPU.ActiveCfg = Debug|Any CPU
		{FB704511-FD86-4B12-B201-3E46A0D07B94}.Debug|Any CPU.Build.0 = Debug|Any CPU
		{FB704511-FD86-4B12-B201-3E46A0D07B94}.Debug|Any CPU.Deploy.0 = Debug|Any CPU
		{FB704511-FD86-4B12-B201-3E46A0D07B94}.Release|Any CPU.ActiveCfg = Release|Any CPU
		{FB704511-FD86-4B12-B201-3E46A0D07B94}.Release|Any CPU.Build.0 = Release|Any CPU
		{FB704511-FD86-4B12-B201-3E46A0D07B94}.Release|Any CPU.Deploy.0 = Release|Any CPU
	EndGlobalSection
	GlobalSection(SolutionProperties) = preSolution
		HideSolutionNode = FALSE
	EndGlobalSection
	GlobalSection(ExtensibilityGlobals) = postSolution
		SolutionGuid = {9BD817FB-444C-4224-8684-F7037EC59E63}
	EndGlobalSection
EndGlobal
